
Microsoft Visual Studio Solution File, Format Version 12.00
# Visual Studio Version 17
VisualStudioVersion = 17.0.31903.59
MinimumVisualStudioVersion = 10.0.40219.1
Project("{2150E333-8FDC-42A3-9474-1A3956D46DE8}") = "src", "src", "{827E0CD3-B72D-47B6-A68D-7590B98EB39B}"
EndProject
Project("{FAE04EC0-301F-11D3-BF4B-00C04F79EFBC}") = "DavidStudio.Core.Essentials", "src\DavidStudio.Core.Essentials\DavidStudio.Core.Essentials.csproj", "{2BD8F526-B4A1-4C9D-A83D-5024136E477A}"
EndProject
Project("{FAE04EC0-301F-11D3-BF4B-00C04F79EFBC}") = "DavidStudio.Core.DataIO", "src\DavidStudio.Core.DataIO\DavidStudio.Core.DataIO.csproj", "{088607B9-DC12-4E39-A6E5-FED97A8DE6B2}"
EndProject
Project("{FAE04EC0-301F-11D3-BF4B-00C04F79EFBC}") = "DavidStudio.Core.Swagger", "src\DavidStudio.Core.Swagger\DavidStudio.Core.Swagger.csproj", "{EB5FE80B-0722-4A46-AE21-202D7546C269}"
EndProject
Project("{FAE04EC0-301F-11D3-BF4B-00C04F79EFBC}") = "DavidStudio.Core.Auth", "src\DavidStudio.Core.Auth\DavidStudio.Core.Auth.csproj", "{BEDA289B-6185-483F-8083-0A999E8A3A3B}"
EndProject
Project("{FAE04EC0-301F-11D3-BF4B-00C04F79EFBC}") = "DavidStudio.Core.Results", "src\DavidStudio.Core.Results\DavidStudio.Core.Results.csproj", "{803A12E9-DC83-4539-A189-176A3CF96D2E}"
EndProject
Project("{FAE04EC0-301F-11D3-BF4B-00C04F79EFBC}") = "DavidStudio.Core.Pagination", "src\DavidStudio.Core.Pagination\DavidStudio.Core.Pagination.csproj", "{EB5FC651-3B4F-4B01-90A7-2CB9C8BDD70B}"
EndProject
Project("{2150E333-8FDC-42A3-9474-1A3956D46DE8}") = "tests", "tests", "{0AB3BF05-4346-4AA6-1389-037BE0695223}"
EndProject
Project("{FAE04EC0-301F-11D3-BF4B-00C04F79EFBC}") = "DavidStudio.Core.DataIO.Tests", "tests\DavidStudio.Core.DataIO.Tests\DavidStudio.Core.DataIO.Tests.csproj", "{7B637C19-219C-4572-8E1E-AF64569A6DE5}"
EndProject
Project("{2150E333-8FDC-42A3-9474-1A3956D46DE8}") = "benchmarks", "benchmarks", "{66320409-64EC-F7C5-3DEF-65E7510DAAD1}"
EndProject
Project("{FAE04EC0-301F-11D3-BF4B-00C04F79EFBC}") = "DavidStudio.Core.DataIO.Benchmarks", "benchmarks\DavidStudio.Core.DataIO.Benchmarks\DavidStudio.Core.DataIO.Benchmarks.csproj", "{804863AE-DDD7-4100-97E2-B4BD10D4A5F2}"
EndProject
Global
	GlobalSection(SolutionConfigurationPlatforms) = preSolution
		Debug|Any CPU = Debug|Any CPU
		Debug|x64 = Debug|x64
		Debug|x86 = Debug|x86
		Release|Any CPU = Release|Any CPU
		Release|x64 = Release|x64
		Release|x86 = Release|x86
	EndGlobalSection
	GlobalSection(ProjectConfigurationPlatforms) = postSolution
		{2BD8F526-B4A1-4C9D-A83D-5024136E477A}.Debug|Any CPU.ActiveCfg = Debug|Any CPU
		{2BD8F526-B4A1-4C9D-A83D-5024136E477A}.Debug|Any CPU.Build.0 = Debug|Any CPU
		{2BD8F526-B4A1-4C9D-A83D-5024136E477A}.Debug|x64.ActiveCfg = Debug|Any CPU
		{2BD8F526-B4A1-4C9D-A83D-5024136E477A}.Debug|x64.Build.0 = Debug|Any CPU
		{2BD8F526-B4A1-4C9D-A83D-5024136E477A}.Debug|x86.ActiveCfg = Debug|Any CPU
		{2BD8F526-B4A1-4C9D-A83D-5024136E477A}.Debug|x86.Build.0 = Debug|Any CPU
		{2BD8F526-B4A1-4C9D-A83D-5024136E477A}.Release|Any CPU.ActiveCfg = Release|Any CPU
		{2BD8F526-B4A1-4C9D-A83D-5024136E477A}.Release|Any CPU.Build.0 = Release|Any CPU
		{2BD8F526-B4A1-4C9D-A83D-5024136E477A}.Release|x64.ActiveCfg = Release|Any CPU
		{2BD8F526-B4A1-4C9D-A83D-5024136E477A}.Release|x64.Build.0 = Release|Any CPU
		{2BD8F526-B4A1-4C9D-A83D-5024136E477A}.Release|x86.ActiveCfg = Release|Any CPU
		{2BD8F526-B4A1-4C9D-A83D-5024136E477A}.Release|x86.Build.0 = Release|Any CPU
		{088607B9-DC12-4E39-A6E5-FED97A8DE6B2}.Debug|Any CPU.ActiveCfg = Debug|Any CPU
		{088607B9-DC12-4E39-A6E5-FED97A8DE6B2}.Debug|Any CPU.Build.0 = Debug|Any CPU
		{088607B9-DC12-4E39-A6E5-FED97A8DE6B2}.Debug|x64.ActiveCfg = Debug|Any CPU
		{088607B9-DC12-4E39-A6E5-FED97A8DE6B2}.Debug|x64.Build.0 = Debug|Any CPU
		{088607B9-DC12-4E39-A6E5-FED97A8DE6B2}.Debug|x86.ActiveCfg = Debug|Any CPU
		{088607B9-DC12-4E39-A6E5-FED97A8DE6B2}.Debug|x86.Build.0 = Debug|Any CPU
		{088607B9-DC12-4E39-A6E5-FED97A8DE6B2}.Release|Any CPU.ActiveCfg = Release|Any CPU
		{088607B9-DC12-4E39-A6E5-FED97A8DE6B2}.Release|Any CPU.Build.0 = Release|Any CPU
		{088607B9-DC12-4E39-A6E5-FED97A8DE6B2}.Release|x64.ActiveCfg = Release|Any CPU
		{088607B9-DC12-4E39-A6E5-FED97A8DE6B2}.Release|x64.Build.0 = Release|Any CPU
		{088607B9-DC12-4E39-A6E5-FED97A8DE6B2}.Release|x86.ActiveCfg = Release|Any CPU
		{088607B9-DC12-4E39-A6E5-FED97A8DE6B2}.Release|x86.Build.0 = Release|Any CPU
		{EB5FE80B-0722-4A46-AE21-202D7546C269}.Debug|Any CPU.ActiveCfg = Debug|Any CPU
		{EB5FE80B-0722-4A46-AE21-202D7546C269}.Debug|Any CPU.Build.0 = Debug|Any CPU
		{EB5FE80B-0722-4A46-AE21-202D7546C269}.Debug|x64.ActiveCfg = Debug|Any CPU
		{EB5FE80B-0722-4A46-AE21-202D7546C269}.Debug|x64.Build.0 = Debug|Any CPU
		{EB5FE80B-0722-4A46-AE21-202D7546C269}.Debug|x86.ActiveCfg = Debug|Any CPU
		{EB5FE80B-0722-4A46-AE21-202D7546C269}.Debug|x86.Build.0 = Debug|Any CPU
		{EB5FE80B-0722-4A46-AE21-202D7546C269}.Release|Any CPU.ActiveCfg = Release|Any CPU
		{EB5FE80B-0722-4A46-AE21-202D7546C269}.Release|Any CPU.Build.0 = Release|Any CPU
		{EB5FE80B-0722-4A46-AE21-202D7546C269}.Release|x64.ActiveCfg = Release|Any CPU
		{EB5FE80B-0722-4A46-AE21-202D7546C269}.Release|x64.Build.0 = Release|Any CPU
		{EB5FE80B-0722-4A46-AE21-202D7546C269}.Release|x86.ActiveCfg = Release|Any CPU
		{EB5FE80B-0722-4A46-AE21-202D7546C269}.Release|x86.Build.0 = Release|Any CPU
		{BEDA289B-6185-483F-8083-0A999E8A3A3B}.Debug|Any CPU.ActiveCfg = Debug|Any CPU
		{BEDA289B-6185-483F-8083-0A999E8A3A3B}.Debug|Any CPU.Build.0 = Debug|Any CPU
		{BEDA289B-6185-483F-8083-0A999E8A3A3B}.Debug|x64.ActiveCfg = Debug|Any CPU
		{BEDA289B-6185-483F-8083-0A999E8A3A3B}.Debug|x64.Build.0 = Debug|Any CPU
		{BEDA289B-6185-483F-8083-0A999E8A3A3B}.Debug|x86.ActiveCfg = Debug|Any CPU
		{BEDA289B-6185-483F-8083-0A999E8A3A3B}.Debug|x86.Build.0 = Debug|Any CPU
		{BEDA289B-6185-483F-8083-0A999E8A3A3B}.Release|Any CPU.ActiveCfg = Release|Any CPU
		{BEDA289B-6185-483F-8083-0A999E8A3A3B}.Release|Any CPU.Build.0 = Release|Any CPU
		{BEDA289B-6185-483F-8083-0A999E8A3A3B}.Release|x64.ActiveCfg = Release|Any CPU
		{BEDA289B-6185-483F-8083-0A999E8A3A3B}.Release|x64.Build.0 = Release|Any CPU
		{BEDA289B-6185-483F-8083-0A999E8A3A3B}.Release|x86.ActiveCfg = Release|Any CPU
		{BEDA289B-6185-483F-8083-0A999E8A3A3B}.Release|x86.Build.0 = Release|Any CPU
		{803A12E9-DC83-4539-A189-176A3CF96D2E}.Debug|Any CPU.ActiveCfg = Debug|Any CPU
		{803A12E9-DC83-4539-A189-176A3CF96D2E}.Debug|Any CPU.Build.0 = Debug|Any CPU
		{803A12E9-DC83-4539-A189-176A3CF96D2E}.Debug|x64.ActiveCfg = Debug|Any CPU
		{803A12E9-DC83-4539-A189-176A3CF96D2E}.Debug|x64.Build.0 = Debug|Any CPU
		{803A12E9-DC83-4539-A189-176A3CF96D2E}.Debug|x86.ActiveCfg = Debug|Any CPU
		{803A12E9-DC83-4539-A189-176A3CF96D2E}.Debug|x86.Build.0 = Debug|Any CPU
		{803A12E9-DC83-4539-A189-176A3CF96D2E}.Release|Any CPU.ActiveCfg = Release|Any CPU
		{803A12E9-DC83-4539-A189-176A3CF96D2E}.Release|Any CPU.Build.0 = Release|Any CPU
		{803A12E9-DC83-4539-A189-176A3CF96D2E}.Release|x64.ActiveCfg = Release|Any CPU
		{803A12E9-DC83-4539-A189-176A3CF96D2E}.Release|x64.Build.0 = Release|Any CPU
		{803A12E9-DC83-4539-A189-176A3CF96D2E}.Release|x86.ActiveCfg = Release|Any CPU
		{803A12E9-DC83-4539-A189-176A3CF96D2E}.Release|x86.Build.0 = Release|Any CPU
		{EB5FC651-3B4F-4B01-90A7-2CB9C8BDD70B}.Debug|Any CPU.ActiveCfg = Debug|Any CPU
		{EB5FC651-3B4F-4B01-90A7-2CB9C8BDD70B}.Debug|Any CPU.Build.0 = Debug|Any CPU
		{EB5FC651-3B4F-4B01-90A7-2CB9C8BDD70B}.Debug|x64.ActiveCfg = Debug|Any CPU
		{EB5FC651-3B4F-4B01-90A7-2CB9C8BDD70B}.Debug|x64.Build.0 = Debug|Any CPU
		{EB5FC651-3B4F-4B01-90A7-2CB9C8BDD70B}.Debug|x86.ActiveCfg = Debug|Any CPU
		{EB5FC651-3B4F-4B01-90A7-2CB9C8BDD70B}.Debug|x86.Build.0 = Debug|Any CPU
		{EB5FC651-3B4F-4B01-90A7-2CB9C8BDD70B}.Release|Any CPU.ActiveCfg = Release|Any CPU
		{EB5FC651-3B4F-4B01-90A7-2CB9C8BDD70B}.Release|Any CPU.Build.0 = Release|Any CPU
		{EB5FC651-3B4F-4B01-90A7-2CB9C8BDD70B}.Release|x64.ActiveCfg = Release|Any CPU
		{EB5FC651-3B4F-4B01-90A7-2CB9C8BDD70B}.Release|x64.Build.0 = Release|Any CPU
		{EB5FC651-3B4F-4B01-90A7-2CB9C8BDD70B}.Release|x86.ActiveCfg = Release|Any CPU
		{EB5FC651-3B4F-4B01-90A7-2CB9C8BDD70B}.Release|x86.Build.0 = Release|Any CPU
		{7B637C19-219C-4572-8E1E-AF64569A6DE5}.Debug|Any CPU.ActiveCfg = Debug|Any CPU
		{7B637C19-219C-4572-8E1E-AF64569A6DE5}.Debug|Any CPU.Build.0 = Debug|Any CPU
		{7B637C19-219C-4572-8E1E-AF64569A6DE5}.Debug|x64.ActiveCfg = Debug|Any CPU
		{7B637C19-219C-4572-8E1E-AF64569A6DE5}.Debug|x64.Build.0 = Debug|Any CPU
		{7B637C19-219C-4572-8E1E-AF64569A6DE5}.Debug|x86.ActiveCfg = Debug|Any CPU
		{7B637C19-219C-4572-8E1E-AF64569A6DE5}.Debug|x86.Build.0 = Debug|Any CPU
		{7B637C19-219C-4572-8E1E-AF64569A6DE5}.Release|Any CPU.ActiveCfg = Release|Any CPU
		{7B637C19-219C-4572-8E1E-AF64569A6DE5}.Release|Any CPU.Build.0 = Release|Any CPU
		{7B637C19-219C-4572-8E1E-AF64569A6DE5}.Release|x64.ActiveCfg = Release|Any CPU
		{7B637C19-219C-4572-8E1E-AF64569A6DE5}.Release|x64.Build.0 = Release|Any CPU
		{7B637C19-219C-4572-8E1E-AF64569A6DE5}.Release|x86.ActiveCfg = Release|Any CPU
		{7B637C19-219C-4572-8E1E-AF64569A6DE5}.Release|x86.Build.0 = Release|Any CPU
		{804863AE-DDD7-4100-97E2-B4BD10D4A5F2}.Debug|Any CPU.ActiveCfg = Debug|Any CPU
		{804863AE-DDD7-4100-97E2-B4BD10D4A5F2}.Debug|Any CPU.Build.0 = Debug|Any CPU
		{804863AE-DDD7-4100-97E2-B4BD10D4A5F2}.Debug|x64.ActiveCfg = Debug|Any CPU
		{804863AE-DDD7-4100-97E2-B4BD10D4A5F2}.Debug|x64.Build.0 = Debug|Any CPU
		{804863AE-DDD7-4100-97E2-B4BD10D4A5F2}.Debug|x86.ActiveCfg = Debug|Any CPU
		{804863AE-DDD7-4100-97E2-B4BD10D4A5F2}.Debug|x86.Build.0 = Debug|Any CPU
		{804863AE-DDD7-4100-97E2-B4BD10D4A5F2}.Release|Any CPU.ActiveCfg = Release|Any CPU
		{804863AE-DDD7-4100-97E2-B4BD10D4A5F2}.Release|Any CPU.Build.0 = Release|Any CPU
		{804863AE-DDD7-4100-97E2-B4BD10D4A5F2}.Release|x64.ActiveCfg = Release|Any CPU
		{804863AE-DDD7-4100-97E2-B4BD10D4A5F2}.Release|x64.Build.0 = Release|Any CPU
		{804863AE-DDD7-4100-97E2-B4BD10D4A5F2}.Release|x86.ActiveCfg = Release|Any CPU
		{804863AE-DDD7-4100-97E2-B4BD10D4A5F2}.Release|x86.Build.0 = Release|Any CPU
	EndGlobalSection
	GlobalSection(SolutionProperties) = preSolution
		HideSolutionNode = FALSE
	EndGlobalSection
	GlobalSection(NestedProjects) = preSolution
		{2BD8F526-B4A1-4C9D-A83D-5024136E477A} = {827E0CD3-B72D-47B6-A68D-7590B98EB39B}
		{088607B9-DC12-4E39-A6E5-FED97A8DE6B2} = {827E0CD3-B72D-47B6-A68D-7590B98EB39B}
		{EB5FE80B-0722-4A46-AE21-202D7546C269} = {827E0CD3-B72D-47B6-A68D-7590B98EB39B}
		{BEDA289B-6185-483F-8083-0A999E8A3A3B} = {827E0CD3-B72D-47B6-A68D-7590B98EB39B}
		{803A12E9-DC83-4539-A189-176A3CF96D2E} = {827E0CD3-B72D-47B6-A68D-7590B98EB39B}
		{EB5FC651-3B4F-4B01-90A7-2CB9C8BDD70B} = {827E0CD3-B72D-47B6-A68D-7590B98EB39B}
		{7B637C19-219C-4572-8E1E-AF64569A6DE5} = {0AB3BF05-4346-4AA6-1389-037BE0695223}
		{804863AE-DDD7-4100-97E2-B4BD10D4A5F2} = {66320409-64EC-F7C5-3DEF-65E7510DAAD1}
	EndGlobalSection
EndGlobal
